
Microsoft Visual Studio Solution File, Format Version 12.00
# Visual Studio Version 16
VisualStudioVersion = 16.0.29215.179
MinimumVisualStudioVersion = 10.0.40219.1
Project("{FAE04EC0-301F-11D3-BF4B-00C04F79EFBC}") = "TygerSygnal", "TygerSygnal.csproj", "{BE8CEF71-11D4-43B2-AF5E-73415441C2B8}"
EndProject
Global
	GlobalSection(SolutionConfigurationPlatforms) = preSolution
		Debug|Any CPU = Debug|Any CPU
		Release|Any CPU = Release|Any CPU
	EndGlobalSection
	GlobalSection(ProjectConfigurationPlatforms) = postSolution
		{BE8CEF71-11D4-43B2-AF5E-73415441C2B8}.Debug|Any CPU.ActiveCfg = Debug|Any CPU
		{BE8CEF71-11D4-43B2-AF5E-73415441C2B8}.Debug|Any CPU.Build.0 = Debug|Any CPU
		{BE8CEF71-11D4-43B2-AF5E-73415441C2B8}.Release|Any CPU.ActiveCfg = Release|Any CPU
		{BE8CEF71-11D4-43B2-AF5E-73415441C2B8}.Release|Any CPU.Build.0 = Release|Any CPU
	EndGlobalSection
	GlobalSection(SolutionProperties) = preSolution
		HideSolutionNode = FALSE
	EndGlobalSection
	GlobalSection(ExtensibilityGlobals) = postSolution
		SolutionGuid = {26CDBE44-625D-4F77-8B0E-3B1EBAF0EE6B}
	EndGlobalSection
EndGlobal
